# This file is automatically @generated by Cargo.
# It is not intended for manual editing.
version = 4

[[package]]
name = "boinc-app"
version = "0.1.0"
dependencies = [
 "boinc-core",
]

[[package]]
name = "boinc-cli"
version = "0.1.0"
dependencies = [
 "boinc-core",
]

[[package]]
name = "boinc-core"
version = "0.1.0"

[[package]]
name = "boinc-integration"
version = "0.1.0"
dependencies = [
 "boinc-core",
]
